
Microsoft Visual Studio Solution File, Format Version 12.00
# Visual Studio 15
VisualStudioVersion = 15.0.27703.2035
MinimumVisualStudioVersion = 10.0.40219.1
Project("{FAE04EC0-301F-11D3-BF4B-00C04F79EFBC}") = "EvaluacionPost", "EvaluacionPost\EvaluacionPost.csproj", "{FF6B7679-A209-47D9-B26D-F37CEE0292DF}"
EndProject
Global
	GlobalSection(SolutionConfigurationPlatforms) = preSolution
		Debug|Any CPU = Debug|Any CPU
		Release|Any CPU = Release|Any CPU
	EndGlobalSection
	GlobalSection(ProjectConfigurationPlatforms) = postSolution
		{FF6B7679-A209-47D9-B26D-F37CEE0292DF}.Debug|Any CPU.ActiveCfg = Debug|Any CPU
		{FF6B7679-A209-47D9-B26D-F37CEE0292DF}.Debug|Any CPU.Build.0 = Debug|Any CPU
		{FF6B7679-A209-47D9-B26D-F37CEE0292DF}.Release|Any CPU.ActiveCfg = Release|Any CPU
		{FF6B7679-A209-47D9-B26D-F37CEE0292DF}.Release|Any CPU.Build.0 = Release|Any CPU
	EndGlobalSection
	GlobalSection(SolutionProperties) = preSolution
		HideSolutionNode = FALSE
	EndGlobalSection
	GlobalSection(ExtensibilityGlobals) = postSolution
		SolutionGuid = {4A622EF9-B924-4E6C-BF20-972AADE14D6E}
	EndGlobalSection
EndGlobal
